// !$*UTF8*$!
{
	archiveVersion = 1;
	classes = {
	};
	objectVersion = 52;
	objects = {

/* Begin PBXBuildFile section */
		1812EE7B26ADCCE500695B0D /* SeemoreSneakers.storyboard in Resources */ = {isa = PBXBuildFile; fileRef = 1812EE7A26ADCCE500695B0D /* SeemoreSneakers.storyboard */; };
		1812EE7D26ADCD0400695B0D /* SeemoreViewController.swift in Sources */ = {isa = PBXBuildFile; fileRef = 1812EE7C26ADCD0400695B0D /* SeemoreViewController.swift */; };
		1812EEC826AEDD3500695B0D /* ForyouCollectionViewCell.swift in Sources */ = {isa = PBXBuildFile; fileRef = 1812EEC626AEDD3500695B0D /* ForyouCollectionViewCell.swift */; };
		1812EEC926AEDD3500695B0D /* ForyouCollectionViewCell.xib in Resources */ = {isa = PBXBuildFile; fileRef = 1812EEC726AEDD3500695B0D /* ForyouCollectionViewCell.xib */; };
		1812EECC26AEDEFD00695B0D /* SneakersCollectionViewCell.swift in Sources */ = {isa = PBXBuildFile; fileRef = 1812EECA26AEDEFD00695B0D /* SneakersCollectionViewCell.swift */; };
		1812EECD26AEDEFD00695B0D /* SneakersCollectionViewCell.xib in Resources */ = {isa = PBXBuildFile; fileRef = 1812EECB26AEDEFD00695B0D /* SneakersCollectionViewCell.xib */; };
		1812EED126AEDF7500695B0D /* HeaderCollectionViewCell.swift in Sources */ = {isa = PBXBuildFile; fileRef = 1812EECF26AEDF7500695B0D /* HeaderCollectionViewCell.swift */; };
		1812EED226AEDF7500695B0D /* HeaderCollectionViewCell.xib in Resources */ = {isa = PBXBuildFile; fileRef = 1812EED026AEDF7500695B0D /* HeaderCollectionViewCell.xib */; };
		1812EED726AF032300695B0D /* HeaderCollectionViewController.swift in Sources */ = {isa = PBXBuildFile; fileRef = 1812EED626AF032300695B0D /* HeaderCollectionViewController.swift */; };
		1812EED926AF038C00695B0D /* HorinzontalSnappingController.swift in Sources */ = {isa = PBXBuildFile; fileRef = 1812EED826AF038C00695B0D /* HorinzontalSnappingController.swift */; };
		1812EEDB26AF042900695B0D /* ShoeHeaderCell.swift in Sources */ = {isa = PBXBuildFile; fileRef = 1812EEDA26AF042900695B0D /* ShoeHeaderCell.swift */; };
		1812EEDD26AF051D00695B0D /* UIView + Layout.swift in Sources */ = {isa = PBXBuildFile; fileRef = 1812EEDC26AF051D00695B0D /* UIView + Layout.swift */; };
		1812EEE126B007E200695B0D /* HorizontalStackView.swift in Sources */ = {isa = PBXBuildFile; fileRef = 1812EEE026B007E200695B0D /* HorizontalStackView.swift */; };
		1812EEE326B1438B00695B0D /* HeaderModel.swift in Sources */ = {isa = PBXBuildFile; fileRef = 1812EEE226B1438A00695B0D /* HeaderModel.swift */; };
		1812EEE526B1470800695B0D /* HeaderViewModel.swift in Sources */ = {isa = PBXBuildFile; fileRef = 1812EEE426B1470800695B0D /* HeaderViewModel.swift */; };
		1812EEE726B1795300695B0D /* SneakersModel.swift in Sources */ = {isa = PBXBuildFile; fileRef = 1812EEE626B1795300695B0D /* SneakersModel.swift */; };
		189EAA7526AB80A9005B946B /* AppDelegate.swift in Sources */ = {isa = PBXBuildFile; fileRef = 189EAA7426AB80A9005B946B /* AppDelegate.swift */; };
		189EAA7726AB80A9005B946B /* SceneDelegate.swift in Sources */ = {isa = PBXBuildFile; fileRef = 189EAA7626AB80A9005B946B /* SceneDelegate.swift */; };
		189EAA7926AB80A9005B946B /* ViewController.swift in Sources */ = {isa = PBXBuildFile; fileRef = 189EAA7826AB80A9005B946B /* ViewController.swift */; };
		189EAA7C26AB80A9005B946B /* Main.storyboard in Resources */ = {isa = PBXBuildFile; fileRef = 189EAA7A26AB80A9005B946B /* Main.storyboard */; };
		189EAA7E26AB80AC005B946B /* Assets.xcassets in Resources */ = {isa = PBXBuildFile; fileRef = 189EAA7D26AB80AC005B946B /* Assets.xcassets */; };
		189EAA8126AB80AC005B946B /* LaunchScreen.storyboard in Resources */ = {isa = PBXBuildFile; fileRef = 189EAA7F26AB80AC005B946B /* LaunchScreen.storyboard */; };
		189EAA8B26ABF729005B946B /* OnboardingSlides.swift in Sources */ = {isa = PBXBuildFile; fileRef = 189EAA8A26ABF729005B946B /* OnboardingSlides.swift */; };
		189EAA8D26AC04D4005B946B /* GoogleService-Info.plist in Resources */ = {isa = PBXBuildFile; fileRef = 189EAA8C26AC04D4005B946B /* GoogleService-Info.plist */; };
		189EAA8F26AC061D005B946B /* OnboardingCollectionViewCell.swift in Sources */ = {isa = PBXBuildFile; fileRef = 189EAA8E26AC061D005B946B /* OnboardingCollectionViewCell.swift */; };
		189EAA9126AC0D41005B946B /* OnboardingViewModel.swift in Sources */ = {isa = PBXBuildFile; fileRef = 189EAA9026AC0D41005B946B /* OnboardingViewModel.swift */; };
		189EAA9826AC51F6005B946B /* LoginViewController.swift in Sources */ = {isa = PBXBuildFile; fileRef = 189EAA9726AC51F6005B946B /* LoginViewController.swift */; };
		189EAA9A26AC521F005B946B /* SignupViewController.swift in Sources */ = {isa = PBXBuildFile; fileRef = 189EAA9926AC521F005B946B /* SignupViewController.swift */; };
		189EAA9D26AC6757005B946B /* UIView + Extension.swift in Sources */ = {isa = PBXBuildFile; fileRef = 189EAA9C26AC6757005B946B /* UIView + Extension.swift */; };
		189EAA9F26AC6797005B946B /* TextField + Extension.swift in Sources */ = {isa = PBXBuildFile; fileRef = 189EAA9E26AC6797005B946B /* TextField + Extension.swift */; };
		189EAAA226ACBFE9005B946B /* IQKeyboardManagerSwift in Frameworks */ = {isa = PBXBuildFile; productRef = 189EAAA126ACBFE9005B946B /* IQKeyboardManagerSwift */; };
		189EAAA426ACC85A005B946B /* Validation + Extension.swift in Sources */ = {isa = PBXBuildFile; fileRef = 189EAAA326ACC85A005B946B /* Validation + Extension.swift */; };
		189EAAA826ACCA3F005B946B /* ViewController + Extension.swift in Sources */ = {isa = PBXBuildFile; fileRef = 189EAAA726ACCA3F005B946B /* ViewController + Extension.swift */; };
		189EAAAA26ACCC86005B946B /* HUD.swift in Sources */ = {isa = PBXBuildFile; fileRef = 189EAAA926ACCC86005B946B /* HUD.swift */; };
		189EAAAC26ACCD6E005B946B /* AuthManager.swift in Sources */ = {isa = PBXBuildFile; fileRef = 189EAAAB26ACCD6E005B946B /* AuthManager.swift */; };
		189EAAAF26ACCDD7005B946B /* LoginViewModel.swift in Sources */ = {isa = PBXBuildFile; fileRef = 189EAAAE26ACCDD6005B946B /* LoginViewModel.swift */; };
		189EAAB226AD6F04005B946B /* Homepage.storyboard in Resources */ = {isa = PBXBuildFile; fileRef = 189EAAB126AD6F04005B946B /* Homepage.storyboard */; };
		189EAAB426AD72F4005B946B /* HomepageViewController.swift in Sources */ = {isa = PBXBuildFile; fileRef = 189EAAB326AD72F4005B946B /* HomepageViewController.swift */; };
		189EAAB626AD730A005B946B /* FaveSneakersViewController.swift in Sources */ = {isa = PBXBuildFile; fileRef = 189EAAB526AD730A005B946B /* FaveSneakersViewController.swift */; };
		189EAAB826AD7331005B946B /* CartViewController.swift in Sources */ = {isa = PBXBuildFile; fileRef = 189EAAB726AD7331005B946B /* CartViewController.swift */; };
		189EAABA26AD734F005B946B /* ProfileViewController.swift in Sources */ = {isa = PBXBuildFile; fileRef = 189EAAB926AD734F005B946B /* ProfileViewController.swift */; };
		480DDDD4550AFF51B777AFA4 /* Pods_SneakyStores.framework in Frameworks */ = {isa = PBXBuildFile; fileRef = 7CF21425E3C83B99A20F741C /* Pods_SneakyStores.framework */; };
/* End PBXBuildFile section */

/* Begin PBXFileReference section */
		1812EE7A26ADCCE500695B0D /* SeemoreSneakers.storyboard */ = {isa = PBXFileReference; lastKnownFileType = file.storyboard; path = SeemoreSneakers.storyboard; sourceTree = "<group>"; };
		1812EE7C26ADCD0400695B0D /* SeemoreViewController.swift */ = {isa = PBXFileReference; lastKnownFileType = sourcecode.swift; path = SeemoreViewController.swift; sourceTree = "<group>"; };
		1812EEC626AEDD3500695B0D /* ForyouCollectionViewCell.swift */ = {isa = PBXFileReference; lastKnownFileType = sourcecode.swift; path = ForyouCollectionViewCell.swift; sourceTree = "<group>"; };
		1812EEC726AEDD3500695B0D /* ForyouCollectionViewCell.xib */ = {isa = PBXFileReference; lastKnownFileType = file.xib; path = ForyouCollectionViewCell.xib; sourceTree = "<group>"; };
		1812EECA26AEDEFD00695B0D /* SneakersCollectionViewCell.swift */ = {isa = PBXFileReference; lastKnownFileType = sourcecode.swift; path = SneakersCollectionViewCell.swift; sourceTree = "<group>"; };
		1812EECB26AEDEFD00695B0D /* SneakersCollectionViewCell.xib */ = {isa = PBXFileReference; lastKnownFileType = file.xib; path = SneakersCollectionViewCell.xib; sourceTree = "<group>"; };
		1812EECF26AEDF7500695B0D /* HeaderCollectionViewCell.swift */ = {isa = PBXFileReference; lastKnownFileType = sourcecode.swift; path = HeaderCollectionViewCell.swift; sourceTree = "<group>"; };
		1812EED026AEDF7500695B0D /* HeaderCollectionViewCell.xib */ = {isa = PBXFileReference; lastKnownFileType = file.xib; path = HeaderCollectionViewCell.xib; sourceTree = "<group>"; };
		1812EED626AF032300695B0D /* HeaderCollectionViewController.swift */ = {isa = PBXFileReference; lastKnownFileType = sourcecode.swift; path = HeaderCollectionViewController.swift; sourceTree = "<group>"; };
		1812EED826AF038C00695B0D /* HorinzontalSnappingController.swift */ = {isa = PBXFileReference; lastKnownFileType = sourcecode.swift; path = HorinzontalSnappingController.swift; sourceTree = "<group>"; };
		1812EEDA26AF042900695B0D /* ShoeHeaderCell.swift */ = {isa = PBXFileReference; lastKnownFileType = sourcecode.swift; path = ShoeHeaderCell.swift; sourceTree = "<group>"; };
		1812EEDC26AF051D00695B0D /* UIView + Layout.swift */ = {isa = PBXFileReference; lastKnownFileType = sourcecode.swift; path = "UIView + Layout.swift"; sourceTree = "<group>"; };
		1812EEE026B007E200695B0D /* HorizontalStackView.swift */ = {isa = PBXFileReference; lastKnownFileType = sourcecode.swift; path = HorizontalStackView.swift; sourceTree = "<group>"; };
		1812EEE226B1438A00695B0D /* HeaderModel.swift */ = {isa = PBXFileReference; lastKnownFileType = sourcecode.swift; path = HeaderModel.swift; sourceTree = "<group>"; };
		1812EEE426B1470800695B0D /* HeaderViewModel.swift */ = {isa = PBXFileReference; lastKnownFileType = sourcecode.swift; path = HeaderViewModel.swift; sourceTree = "<group>"; };
		1812EEE626B1795300695B0D /* SneakersModel.swift */ = {isa = PBXFileReference; lastKnownFileType = sourcecode.swift; path = SneakersModel.swift; sourceTree = "<group>"; };
		189EAA7126AB80A9005B946B /* SneakyStores.app */ = {isa = PBXFileReference; explicitFileType = wrapper.application; includeInIndex = 0; path = SneakyStores.app; sourceTree = BUILT_PRODUCTS_DIR; };
		189EAA7426AB80A9005B946B /* AppDelegate.swift */ = {isa = PBXFileReference; lastKnownFileType = sourcecode.swift; path = AppDelegate.swift; sourceTree = "<group>"; };
		189EAA7626AB80A9005B946B /* SceneDelegate.swift */ = {isa = PBXFileReference; lastKnownFileType = sourcecode.swift; path = SceneDelegate.swift; sourceTree = "<group>"; };
		189EAA7826AB80A9005B946B /* ViewController.swift */ = {isa = PBXFileReference; lastKnownFileType = sourcecode.swift; path = ViewController.swift; sourceTree = "<group>"; };
		189EAA7B26AB80A9005B946B /* Base */ = {isa = PBXFileReference; lastKnownFileType = file.storyboard; name = Base; path = Base.lproj/Main.storyboard; sourceTree = "<group>"; };
		189EAA7D26AB80AC005B946B /* Assets.xcassets */ = {isa = PBXFileReference; lastKnownFileType = folder.assetcatalog; path = Assets.xcassets; sourceTree = "<group>"; };
		189EAA8026AB80AC005B946B /* Base */ = {isa = PBXFileReference; lastKnownFileType = file.storyboard; name = Base; path = Base.lproj/LaunchScreen.storyboard; sourceTree = "<group>"; };
		189EAA8226AB80AC005B946B /* Info.plist */ = {isa = PBXFileReference; lastKnownFileType = text.plist.xml; path = Info.plist; sourceTree = "<group>"; };
		189EAA8A26ABF729005B946B /* OnboardingSlides.swift */ = {isa = PBXFileReference; lastKnownFileType = sourcecode.swift; path = OnboardingSlides.swift; sourceTree = "<group>"; };
		189EAA8C26AC04D4005B946B /* GoogleService-Info.plist */ = {isa = PBXFileReference; fileEncoding = 4; lastKnownFileType = text.plist.xml; name = "GoogleService-Info.plist"; path = "../../../../Downloads/GoogleService-Info.plist"; sourceTree = "<group>"; };
		189EAA8E26AC061D005B946B /* OnboardingCollectionViewCell.swift */ = {isa = PBXFileReference; lastKnownFileType = sourcecode.swift; path = OnboardingCollectionViewCell.swift; sourceTree = "<group>"; };
		189EAA9026AC0D41005B946B /* OnboardingViewModel.swift */ = {isa = PBXFileReference; lastKnownFileType = sourcecode.swift; path = OnboardingViewModel.swift; sourceTree = "<group>"; };
		189EAA9726AC51F6005B946B /* LoginViewController.swift */ = {isa = PBXFileReference; lastKnownFileType = sourcecode.swift; path = LoginViewController.swift; sourceTree = "<group>"; };
		189EAA9926AC521F005B946B /* SignupViewController.swift */ = {isa = PBXFileReference; lastKnownFileType = sourcecode.swift; path = SignupViewController.swift; sourceTree = "<group>"; };
		189EAA9C26AC6757005B946B /* UIView + Extension.swift */ = {isa = PBXFileReference; lastKnownFileType = sourcecode.swift; path = "UIView + Extension.swift"; sourceTree = "<group>"; };
		189EAA9E26AC6797005B946B /* TextField + Extension.swift */ = {isa = PBXFileReference; lastKnownFileType = sourcecode.swift; path = "TextField + Extension.swift"; sourceTree = "<group>"; };
		189EAAA326ACC85A005B946B /* Validation + Extension.swift */ = {isa = PBXFileReference; lastKnownFileType = sourcecode.swift; path = "Validation + Extension.swift"; sourceTree = "<group>"; };
		189EAAA726ACCA3F005B946B /* ViewController + Extension.swift */ = {isa = PBXFileReference; lastKnownFileType = sourcecode.swift; path = "ViewController + Extension.swift"; sourceTree = "<group>"; };
		189EAAA926ACCC86005B946B /* HUD.swift */ = {isa = PBXFileReference; lastKnownFileType = sourcecode.swift; path = HUD.swift; sourceTree = "<group>"; };
		189EAAAB26ACCD6E005B946B /* AuthManager.swift */ = {isa = PBXFileReference; lastKnownFileType = sourcecode.swift; path = AuthManager.swift; sourceTree = "<group>"; };
		189EAAAE26ACCDD6005B946B /* LoginViewModel.swift */ = {isa = PBXFileReference; lastKnownFileType = sourcecode.swift; path = LoginViewModel.swift; sourceTree = "<group>"; };
		189EAAB126AD6F04005B946B /* Homepage.storyboard */ = {isa = PBXFileReference; lastKnownFileType = file.storyboard; path = Homepage.storyboard; sourceTree = "<group>"; };
		189EAAB326AD72F4005B946B /* HomepageViewController.swift */ = {isa = PBXFileReference; lastKnownFileType = sourcecode.swift; path = HomepageViewController.swift; sourceTree = "<group>"; };
		189EAAB526AD730A005B946B /* FaveSneakersViewController.swift */ = {isa = PBXFileReference; lastKnownFileType = sourcecode.swift; path = FaveSneakersViewController.swift; sourceTree = "<group>"; };
		189EAAB726AD7331005B946B /* CartViewController.swift */ = {isa = PBXFileReference; lastKnownFileType = sourcecode.swift; path = CartViewController.swift; sourceTree = "<group>"; };
		189EAAB926AD734F005B946B /* ProfileViewController.swift */ = {isa = PBXFileReference; lastKnownFileType = sourcecode.swift; path = ProfileViewController.swift; sourceTree = "<group>"; };
		7549B351E3627B9EDF5F31FB /* Pods-SneakyStores.release.xcconfig */ = {isa = PBXFileReference; includeInIndex = 1; lastKnownFileType = text.xcconfig; name = "Pods-SneakyStores.release.xcconfig"; path = "Target Support Files/Pods-SneakyStores/Pods-SneakyStores.release.xcconfig"; sourceTree = "<group>"; };
		7CF21425E3C83B99A20F741C /* Pods_SneakyStores.framework */ = {isa = PBXFileReference; explicitFileType = wrapper.framework; includeInIndex = 0; path = Pods_SneakyStores.framework; sourceTree = BUILT_PRODUCTS_DIR; };
		86D0E9505D65820D090D9378 /* Pods-SneakyStores.debug.xcconfig */ = {isa = PBXFileReference; includeInIndex = 1; lastKnownFileType = text.xcconfig; name = "Pods-SneakyStores.debug.xcconfig"; path = "Target Support Files/Pods-SneakyStores/Pods-SneakyStores.debug.xcconfig"; sourceTree = "<group>"; };
/* End PBXFileReference section */

/* Begin PBXFrameworksBuildPhase section */
		189EAA6E26AB80A9005B946B /* Frameworks */ = {
			isa = PBXFrameworksBuildPhase;
			buildActionMask = 2147483647;
			files = (
				480DDDD4550AFF51B777AFA4 /* Pods_SneakyStores.framework in Frameworks */,
				189EAAA226ACBFE9005B946B /* IQKeyboardManagerSwift in Frameworks */,
			);
			runOnlyForDeploymentPostprocessing = 0;
		};
/* End PBXFrameworksBuildPhase section */

/* Begin PBXGroup section */
		1812EE7926ADCCC500695B0D /* SeeMore */ = {
			isa = PBXGroup;
			children = (
				1812EE7A26ADCCE500695B0D /* SeemoreSneakers.storyboard */,
				1812EE7C26ADCD0400695B0D /* SeemoreViewController.swift */,
			);
			path = SeeMore;
			sourceTree = "<group>";
		};
		1812EE7E26ADE3CB00695B0D /* Delegates */ = {
			isa = PBXGroup;
			children = (
				189EAA7426AB80A9005B946B /* AppDelegate.swift */,
				189EAA7626AB80A9005B946B /* SceneDelegate.swift */,
			);
			path = Delegates;
			sourceTree = "<group>";
		};
		1812EEC526AEDBF000695B0D /* HomeTab */ = {
			isa = PBXGroup;
			children = (
				189EAAB326AD72F4005B946B /* HomepageViewController.swift */,
				1812EEC626AEDD3500695B0D /* ForyouCollectionViewCell.swift */,
				1812EEC726AEDD3500695B0D /* ForyouCollectionViewCell.xib */,
				1812EECA26AEDEFD00695B0D /* SneakersCollectionViewCell.swift */,
				1812EECB26AEDEFD00695B0D /* SneakersCollectionViewCell.xib */,
				1812EEE626B1795300695B0D /* SneakersModel.swift */,
			);
			path = HomeTab;
			sourceTree = "<group>";
		};
		1812EECE26AEDF3800695B0D /* HeaderView */ = {
			isa = PBXGroup;
			children = (
				1812EECF26AEDF7500695B0D /* HeaderCollectionViewCell.swift */,
				1812EED026AEDF7500695B0D /* HeaderCollectionViewCell.xib */,
				1812EEE226B1438A00695B0D /* HeaderModel.swift */,
				1812EEE426B1470800695B0D /* HeaderViewModel.swift */,
			);
			path = HeaderView;
			sourceTree = "<group>";
		};
		1812EED326AF01F500695B0D /* SneakersHeaderCell */ = {
			isa = PBXGroup;
			children = (
				1812EED626AF032300695B0D /* HeaderCollectionViewController.swift */,
				1812EEDA26AF042900695B0D /* ShoeHeaderCell.swift */,
			);
			path = SneakersHeaderCell;
			sourceTree = "<group>";
		};
		189EAA6826AB80A9005B946B = {
			isa = PBXGroup;
			children = (
				189EAA7326AB80A9005B946B /* SneakyStores */,
				189EAA7226AB80A9005B946B /* Products */,
				6C3E16B755BFCC76B08D005D /* Pods */,
				E3B4DB098EFF0696C0A72B57 /* Frameworks */,
			);
			sourceTree = "<group>";
		};
		189EAA7226AB80A9005B946B /* Products */ = {
			isa = PBXGroup;
			children = (
				189EAA7126AB80A9005B946B /* SneakyStores.app */,
			);
			name = Products;
			sourceTree = "<group>";
		};
		189EAA7326AB80A9005B946B /* SneakyStores */ = {
			isa = PBXGroup;
			children = (
				1812EE7E26ADE3CB00695B0D /* Delegates */,
				189EAA9426AC5118005B946B /* Authentications */,
				189EAA9326AC4F1D005B946B /* Onboarding */,
				1812EE7926ADCCC500695B0D /* SeeMore */,
				189EAAB026AD6EE7005B946B /* Home */,
				189EAA7A26AB80A9005B946B /* Main.storyboard */,
				189EAA9B26AC673A005B946B /* Extensions */,
				189EAA7D26AB80AC005B946B /* Assets.xcassets */,
				189EAA7F26AB80AC005B946B /* LaunchScreen.storyboard */,
				189EAA8226AB80AC005B946B /* Info.plist */,
				189EAA8C26AC04D4005B946B /* GoogleService-Info.plist */,
				189EAAAB26ACCD6E005B946B /* AuthManager.swift */,
			);
			path = SneakyStores;
			sourceTree = "<group>";
		};
		189EAA9326AC4F1D005B946B /* Onboarding */ = {
			isa = PBXGroup;
			children = (
				189EAA7826AB80A9005B946B /* ViewController.swift */,
				189EAA9026AC0D41005B946B /* OnboardingViewModel.swift */,
				189EAA8E26AC061D005B946B /* OnboardingCollectionViewCell.swift */,
				189EAA8A26ABF729005B946B /* OnboardingSlides.swift */,
			);
			path = Onboarding;
			sourceTree = "<group>";
		};
		189EAA9426AC5118005B946B /* Authentications */ = {
			isa = PBXGroup;
			children = (
				189EAAAD26ACCDA1005B946B /* Logins */,
				189EAA9926AC521F005B946B /* SignupViewController.swift */,
			);
			path = Authentications;
			sourceTree = "<group>";
		};
		189EAA9B26AC673A005B946B /* Extensions */ = {
			isa = PBXGroup;
			children = (
				189EAA9C26AC6757005B946B /* UIView + Extension.swift */,
				189EAA9E26AC6797005B946B /* TextField + Extension.swift */,
				189EAAA326ACC85A005B946B /* Validation + Extension.swift */,
				189EAAA726ACCA3F005B946B /* ViewController + Extension.swift */,
				189EAAA926ACCC86005B946B /* HUD.swift */,
				1812EED826AF038C00695B0D /* HorinzontalSnappingController.swift */,
				1812EEDC26AF051D00695B0D /* UIView + Layout.swift */,
				1812EEE026B007E200695B0D /* HorizontalStackView.swift */,
			);
			path = Extensions;
			sourceTree = "<group>";
		};
		189EAAAD26ACCDA1005B946B /* Logins */ = {
			isa = PBXGroup;
			children = (
				189EAA9726AC51F6005B946B /* LoginViewController.swift */,
				189EAAAE26ACCDD6005B946B /* LoginViewModel.swift */,
			);
			path = Logins;
			sourceTree = "<group>";
		};
		189EAAB026AD6EE7005B946B /* Home */ = {
			isa = PBXGroup;
			children = (
				189EAAB126AD6F04005B946B /* Homepage.storyboard */,
				189EAAB526AD730A005B946B /* FaveSneakersViewController.swift */,
				189EAAB726AD7331005B946B /* CartViewController.swift */,
				189EAAB926AD734F005B946B /* ProfileViewController.swift */,
				1812EED326AF01F500695B0D /* SneakersHeaderCell */,
				1812EECE26AEDF3800695B0D /* HeaderView */,
				1812EEC526AEDBF000695B0D /* HomeTab */,
			);
			path = Home;
			sourceTree = "<group>";
		};
		6C3E16B755BFCC76B08D005D /* Pods */ = {
			isa = PBXGroup;
			children = (
				86D0E9505D65820D090D9378 /* Pods-SneakyStores.debug.xcconfig */,
				7549B351E3627B9EDF5F31FB /* Pods-SneakyStores.release.xcconfig */,
			);
			path = Pods;
			sourceTree = "<group>";
		};
		E3B4DB098EFF0696C0A72B57 /* Frameworks */ = {
			isa = PBXGroup;
			children = (
				7CF21425E3C83B99A20F741C /* Pods_SneakyStores.framework */,
			);
			name = Frameworks;
			sourceTree = "<group>";
		};
/* End PBXGroup section */

/* Begin PBXNativeTarget section */
		189EAA7026AB80A9005B946B /* SneakyStores */ = {
			isa = PBXNativeTarget;
			buildConfigurationList = 189EAA8526AB80AC005B946B /* Build configuration list for PBXNativeTarget "SneakyStores" */;
			buildPhases = (
				EBA0E6AACBFBB548E06936DB /* [CP] Check Pods Manifest.lock */,
				189EAA6D26AB80A9005B946B /* Sources */,
				189EAA6E26AB80A9005B946B /* Frameworks */,
				189EAA6F26AB80A9005B946B /* Resources */,
				E80FD2F21C7381C2BDE49963 /* [CP] Embed Pods Frameworks */,
			);
			buildRules = (
			);
			dependencies = (
			);
			name = SneakyStores;
			packageProductDependencies = (
				189EAAA126ACBFE9005B946B /* IQKeyboardManagerSwift */,
			);
			productName = SneakyStores;
			productReference = 189EAA7126AB80A9005B946B /* SneakyStores.app */;
			productType = "com.apple.product-type.application";
		};
/* End PBXNativeTarget section */

/* Begin PBXProject section */
		189EAA6926AB80A9005B946B /* Project object */ = {
			isa = PBXProject;
			attributes = {
				LastSwiftUpdateCheck = 1250;
				LastUpgradeCheck = 1250;
				TargetAttributes = {
					189EAA7026AB80A9005B946B = {
						CreatedOnToolsVersion = 12.5.1;
					};
				};
			};
			buildConfigurationList = 189EAA6C26AB80A9005B946B /* Build configuration list for PBXProject "SneakyStores" */;
			compatibilityVersion = "Xcode 9.3";
			developmentRegion = en;
			hasScannedForEncodings = 0;
			knownRegions = (
				en,
				Base,
			);
			mainGroup = 189EAA6826AB80A9005B946B;
			packageReferences = (
				189EAAA026ACBFE8005B946B /* XCRemoteSwiftPackageReference "IQKeyboardManager" */,
			);
			productRefGroup = 189EAA7226AB80A9005B946B /* Products */;
			projectDirPath = "";
			projectRoot = "";
			targets = (
				189EAA7026AB80A9005B946B /* SneakyStores */,
			);
		};
/* End PBXProject section */

/* Begin PBXResourcesBuildPhase section */
		189EAA6F26AB80A9005B946B /* Resources */ = {
			isa = PBXResourcesBuildPhase;
			buildActionMask = 2147483647;
			files = (
				189EAA8126AB80AC005B946B /* LaunchScreen.storyboard in Resources */,
				1812EEC926AEDD3500695B0D /* ForyouCollectionViewCell.xib in Resources */,
				1812EECD26AEDEFD00695B0D /* SneakersCollectionViewCell.xib in Resources */,
				189EAA8D26AC04D4005B946B /* GoogleService-Info.plist in Resources */,
				189EAAB226AD6F04005B946B /* Homepage.storyboard in Resources */,
				1812EED226AEDF7500695B0D /* HeaderCollectionViewCell.xib in Resources */,
				1812EE7B26ADCCE500695B0D /* SeemoreSneakers.storyboard in Resources */,
				189EAA7E26AB80AC005B946B /* Assets.xcassets in Resources */,
				189EAA7C26AB80A9005B946B /* Main.storyboard in Resources */,
			);
			runOnlyForDeploymentPostprocessing = 0;
		};
/* End PBXResourcesBuildPhase section */

/* Begin PBXShellScriptBuildPhase section */
		E80FD2F21C7381C2BDE49963 /* [CP] Embed Pods Frameworks */ = {
			isa = PBXShellScriptBuildPhase;
			buildActionMask = 2147483647;
			files = (
			);
			inputFileListPaths = (
				"${PODS_ROOT}/Target Support Files/Pods-SneakyStores/Pods-SneakyStores-frameworks-${CONFIGURATION}-input-files.xcfilelist",
			);
			name = "[CP] Embed Pods Frameworks";
			outputFileListPaths = (
				"${PODS_ROOT}/Target Support Files/Pods-SneakyStores/Pods-SneakyStores-frameworks-${CONFIGURATION}-output-files.xcfilelist",
			);
			runOnlyForDeploymentPostprocessing = 0;
			shellPath = /bin/sh;
			shellScript = "\"${PODS_ROOT}/Target Support Files/Pods-SneakyStores/Pods-SneakyStores-frameworks.sh\"\n";
			showEnvVarsInLog = 0;
		};
		EBA0E6AACBFBB548E06936DB /* [CP] Check Pods Manifest.lock */ = {
			isa = PBXShellScriptBuildPhase;
			buildActionMask = 2147483647;
			files = (
			);
			inputFileListPaths = (
			);
			inputPaths = (
				"${PODS_PODFILE_DIR_PATH}/Podfile.lock",
				"${PODS_ROOT}/Manifest.lock",
			);
			name = "[CP] Check Pods Manifest.lock";
			outputFileListPaths = (
			);
			outputPaths = (
				"$(DERIVED_FILE_DIR)/Pods-SneakyStores-checkManifestLockResult.txt",
			);
			runOnlyForDeploymentPostprocessing = 0;
			shellPath = /bin/sh;
			shellScript = "diff \"${PODS_PODFILE_DIR_PATH}/Podfile.lock\" \"${PODS_ROOT}/Manifest.lock\" > /dev/null\nif [ $? != 0 ] ; then\n    # print error to STDERR\n    echo \"error: The sandbox is not in sync with the Podfile.lock. Run 'pod install' or update your CocoaPods installation.\" >&2\n    exit 1\nfi\n# This output is used by Xcode 'outputs' to avoid re-running this script phase.\necho \"SUCCESS\" > \"${SCRIPT_OUTPUT_FILE_0}\"\n";
			showEnvVarsInLog = 0;
		};
/* End PBXShellScriptBuildPhase section */

/* Begin PBXSourcesBuildPhase section */
		189EAA6D26AB80A9005B946B /* Sources */ = {
			isa = PBXSourcesBuildPhase;
			buildActionMask = 2147483647;
			files = (
				189EAAA426ACC85A005B946B /* Validation + Extension.swift in Sources */,
				189EAAAC26ACCD6E005B946B /* AuthManager.swift in Sources */,
				189EAA9826AC51F6005B946B /* LoginViewController.swift in Sources */,
				189EAA8B26ABF729005B946B /* OnboardingSlides.swift in Sources */,
				189EAA9A26AC521F005B946B /* SignupViewController.swift in Sources */,
				189EAA9126AC0D41005B946B /* OnboardingViewModel.swift in Sources */,
				189EAAA826ACCA3F005B946B /* ViewController + Extension.swift in Sources */,
				1812EEDB26AF042900695B0D /* ShoeHeaderCell.swift in Sources */,
				189EAA7926AB80A9005B946B /* ViewController.swift in Sources */,
				1812EECC26AEDEFD00695B0D /* SneakersCollectionViewCell.swift in Sources */,
				189EAAAF26ACCDD7005B946B /* LoginViewModel.swift in Sources */,
				1812EEE526B1470800695B0D /* HeaderViewModel.swift in Sources */,
				1812EEE726B1795300695B0D /* SneakersModel.swift in Sources */,
				1812EEE126B007E200695B0D /* HorizontalStackView.swift in Sources */,
				1812EE7D26ADCD0400695B0D /* SeemoreViewController.swift in Sources */,
				1812EED726AF032300695B0D /* HeaderCollectionViewController.swift in Sources */,
				189EAABA26AD734F005B946B /* ProfileViewController.swift in Sources */,
				189EAAAA26ACCC86005B946B /* HUD.swift in Sources */,
				189EAA8F26AC061D005B946B /* OnboardingCollectionViewCell.swift in Sources */,
				189EAA7526AB80A9005B946B /* AppDelegate.swift in Sources */,
				1812EEC826AEDD3500695B0D /* ForyouCollectionViewCell.swift in Sources */,
				189EAAB426AD72F4005B946B /* HomepageViewController.swift in Sources */,
				189EAA7726AB80A9005B946B /* SceneDelegate.swift in Sources */,
				1812EED126AEDF7500695B0D /* HeaderCollectionViewCell.swift in Sources */,
				1812EEE326B1438B00695B0D /* HeaderModel.swift in Sources */,
				1812EED926AF038C00695B0D /* HorinzontalSnappingController.swift in Sources */,
				189EAA9D26AC6757005B946B /* UIView + Extension.swift in Sources */,
				189EAA9F26AC6797005B946B /* TextField + Extension.swift in Sources */,
				189EAAB826AD7331005B946B /* CartViewController.swift in Sources */,
				1812EEDD26AF051D00695B0D /* UIView + Layout.swift in Sources */,
				189EAAB626AD730A005B946B /* FaveSneakersViewController.swift in Sources */,
			);
			runOnlyForDeploymentPostprocessing = 0;
		};
/* End PBXSourcesBuildPhase section */

/* Begin PBXVariantGroup section */
		189EAA7A26AB80A9005B946B /* Main.storyboard */ = {
			isa = PBXVariantGroup;
			children = (
				189EAA7B26AB80A9005B946B /* Base */,
			);
			name = Main.storyboard;
			sourceTree = "<group>";
		};
		189EAA7F26AB80AC005B946B /* LaunchScreen.storyboard */ = {
			isa = PBXVariantGroup;
			children = (
				189EAA8026AB80AC005B946B /* Base */,
			);
			name = LaunchScreen.storyboard;
			sourceTree = "<group>";
		};
/* End PBXVariantGroup section */

/* Begin XCBuildConfiguration section */
		189EAA8326AB80AC005B946B /* Debug */ = {
			isa = XCBuildConfiguration;
			buildSettings = {
				ALWAYS_SEARCH_USER_PATHS = NO;
				CLANG_ANALYZER_NONNULL = YES;
				CLANG_ANALYZER_NUMBER_OBJECT_CONVERSION = YES_AGGRESSIVE;
				CLANG_CXX_LANGUAGE_STANDARD = "gnu++14";
				CLANG_CXX_LIBRARY = "libc++";
				CLANG_ENABLE_MODULES = YES;
				CLANG_ENABLE_OBJC_ARC = YES;
				CLANG_ENABLE_OBJC_WEAK = YES;
				CLANG_WARN_BLOCK_CAPTURE_AUTORELEASING = YES;
				CLANG_WARN_BOOL_CONVERSION = YES;
				CLANG_WARN_COMMA = YES;
				CLANG_WARN_CONSTANT_CONVERSION = YES;
				CLANG_WARN_DEPRECATED_OBJC_IMPLEMENTATIONS = YES;
				CLANG_WARN_DIRECT_OBJC_ISA_USAGE = YES_ERROR;
				CLANG_WARN_DOCUMENTATION_COMMENTS = YES;
				CLANG_WARN_EMPTY_BODY = YES;
				CLANG_WARN_ENUM_CONVERSION = YES;
				CLANG_WARN_INFINITE_RECURSION = YES;
				CLANG_WARN_INT_CONVERSION = YES;
				CLANG_WARN_NON_LITERAL_NULL_CONVERSION = YES;
				CLANG_WARN_OBJC_IMPLICIT_RETAIN_SELF = YES;
				CLANG_WARN_OBJC_LITERAL_CONVERSION = YES;
				CLANG_WARN_OBJC_ROOT_CLASS = YES_ERROR;
				CLANG_WARN_QUOTED_INCLUDE_IN_FRAMEWORK_HEADER = YES;
				CLANG_WARN_RANGE_LOOP_ANALYSIS = YES;
				CLANG_WARN_STRICT_PROTOTYPES = YES;
				CLANG_WARN_SUSPICIOUS_MOVE = YES;
				CLANG_WARN_UNGUARDED_AVAILABILITY = YES_AGGRESSIVE;
				CLANG_WARN_UNREACHABLE_CODE = YES;
				CLANG_WARN__DUPLICATE_METHOD_MATCH = YES;
				COPY_PHASE_STRIP = NO;
				DEBUG_INFORMATION_FORMAT = dwarf;
				ENABLE_STRICT_OBJC_MSGSEND = YES;
				ENABLE_TESTABILITY = YES;
				GCC_C_LANGUAGE_STANDARD = gnu11;
				GCC_DYNAMIC_NO_PIC = NO;
				GCC_NO_COMMON_BLOCKS = YES;
				GCC_OPTIMIZATION_LEVEL = 0;
				GCC_PREPROCESSOR_DEFINITIONS = (
					"DEBUG=1",
					"$(inherited)",
				);
				GCC_WARN_64_TO_32_BIT_CONVERSION = YES;
				GCC_WARN_ABOUT_RETURN_TYPE = YES_ERROR;
				GCC_WARN_UNDECLARED_SELECTOR = YES;
				GCC_WARN_UNINITIALIZED_AUTOS = YES_AGGRESSIVE;
				GCC_WARN_UNUSED_FUNCTION = YES;
				GCC_WARN_UNUSED_VARIABLE = YES;
				IPHONEOS_DEPLOYMENT_TARGET = 14.5;
				MTL_ENABLE_DEBUG_INFO = INCLUDE_SOURCE;
				MTL_FAST_MATH = YES;
				ONLY_ACTIVE_ARCH = YES;
				SDKROOT = iphoneos;
				SWIFT_ACTIVE_COMPILATION_CONDITIONS = DEBUG;
				SWIFT_OPTIMIZATION_LEVEL = "-Onone";
			};
			name = Debug;
		};
		189EAA8426AB80AC005B946B /* Release */ = {
			isa = XCBuildConfiguration;
			buildSettings = {
				ALWAYS_SEARCH_USER_PATHS = NO;
				CLANG_ANALYZER_NONNULL = YES;
				CLANG_ANALYZER_NUMBER_OBJECT_CONVERSION = YES_AGGRESSIVE;
				CLANG_CXX_LANGUAGE_STANDARD = "gnu++14";
				CLANG_CXX_LIBRARY = "libc++";
				CLANG_ENABLE_MODULES = YES;
				CLANG_ENABLE_OBJC_ARC = YES;
				CLANG_ENABLE_OBJC_WEAK = YES;
				CLANG_WARN_BLOCK_CAPTURE_AUTORELEASING = YES;
				CLANG_WARN_BOOL_CONVERSION = YES;
				CLANG_WARN_COMMA = YES;
				CLANG_WARN_CONSTANT_CONVERSION = YES;
				CLANG_WARN_DEPRECATED_OBJC_IMPLEMENTATIONS = YES;
				CLANG_WARN_DIRECT_OBJC_ISA_USAGE = YES_ERROR;
				CLANG_WARN_DOCUMENTATION_COMMENTS = YES;
				CLANG_WARN_EMPTY_BODY = YES;
				CLANG_WARN_ENUM_CONVERSION = YES;
				CLANG_WARN_INFINITE_RECURSION = YES;
				CLANG_WARN_INT_CONVERSION = YES;
				CLANG_WARN_NON_LITERAL_NULL_CONVERSION = YES;
				CLANG_WARN_OBJC_IMPLICIT_RETAIN_SELF = YES;
				CLANG_WARN_OBJC_LITERAL_CONVERSION = YES;
				CLANG_WARN_OBJC_ROOT_CLASS = YES_ERROR;
				CLANG_WARN_QUOTED_INCLUDE_IN_FRAMEWORK_HEADER = YES;
				CLANG_WARN_RANGE_LOOP_ANALYSIS = YES;
				CLANG_WARN_STRICT_PROTOTYPES = YES;
				CLANG_WARN_SUSPICIOUS_MOVE = YES;
				CLANG_WARN_UNGUARDED_AVAILABILITY = YES_AGGRESSIVE;
				CLANG_WARN_UNREACHABLE_CODE = YES;
				CLANG_WARN__DUPLICATE_METHOD_MATCH = YES;
				COPY_PHASE_STRIP = NO;
				DEBUG_INFORMATION_FORMAT = "dwarf-with-dsym";
				ENABLE_NS_ASSERTIONS = NO;
				ENABLE_STRICT_OBJC_MSGSEND = YES;
				GCC_C_LANGUAGE_STANDARD = gnu11;
				GCC_NO_COMMON_BLOCKS = YES;
				GCC_WARN_64_TO_32_BIT_CONVERSION = YES;
				GCC_WARN_ABOUT_RETURN_TYPE = YES_ERROR;
				GCC_WARN_UNDECLARED_SELECTOR = YES;
				GCC_WARN_UNINITIALIZED_AUTOS = YES_AGGRESSIVE;
				GCC_WARN_UNUSED_FUNCTION = YES;
				GCC_WARN_UNUSED_VARIABLE = YES;
				IPHONEOS_DEPLOYMENT_TARGET = 14.5;
				MTL_ENABLE_DEBUG_INFO = NO;
				MTL_FAST_MATH = YES;
				SDKROOT = iphoneos;
				SWIFT_COMPILATION_MODE = wholemodule;
				SWIFT_OPTIMIZATION_LEVEL = "-O";
				VALIDATE_PRODUCT = YES;
			};
			name = Release;
		};
		189EAA8626AB80AC005B946B /* Debug */ = {
			isa = XCBuildConfiguration;
			baseConfigurationReference = 86D0E9505D65820D090D9378 /* Pods-SneakyStores.debug.xcconfig */;
			buildSettings = {
				ASSETCATALOG_COMPILER_APPICON_NAME = AppIcon;
				ASSETCATALOG_COMPILER_GLOBAL_ACCENT_COLOR_NAME = AccentColor;
				CODE_SIGN_STYLE = Automatic;
				INFOPLIST_FILE = SneakyStores/Info.plist;
				LD_RUNPATH_SEARCH_PATHS = (
					"$(inherited)",
					"@executable_path/Frameworks",
				);
				PRODUCT_BUNDLE_IDENTIFIER = co.brightsummit.SneakyStores;
				PRODUCT_NAME = "$(TARGET_NAME)";
				SWIFT_VERSION = 5.0;
				TARGETED_DEVICE_FAMILY = "1,2";
			};
			name = Debug;
		};
		189EAA8726AB80AC005B946B /* Release */ = {
			isa = XCBuildConfiguration;
			baseConfigurationReference = 7549B351E3627B9EDF5F31FB /* Pods-SneakyStores.release.xcconfig */;
			buildSettings = {
				ASSETCATALOG_COMPILER_APPICON_NAME = AppIcon;
				ASSETCATALOG_COMPILER_GLOBAL_ACCENT_COLOR_NAME = AccentColor;
				CODE_SIGN_STYLE = Automatic;
				INFOPLIST_FILE = SneakyStores/Info.plist;
				LD_RUNPATH_SEARCH_PATHS = (
					"$(inherited)",
					"@executable_path/Frameworks",
				);
				PRODUCT_BUNDLE_IDENTIFIER = co.brightsummit.SneakyStores;
				PRODUCT_NAME = "$(TARGET_NAME)";
				SWIFT_VERSION = 5.0;
				TARGETED_DEVICE_FAMILY = "1,2";
			};
			name = Release;
		};
/* End XCBuildConfiguration section */

/* Begin XCConfigurationList section */
		189EAA6C26AB80A9005B946B /* Build configuration list for PBXProject "SneakyStores" */ = {
			isa = XCConfigurationList;
			buildConfigurations = (
				189EAA8326AB80AC005B946B /* Debug */,
				189EAA8426AB80AC005B946B /* Release */,
			);
			defaultConfigurationIsVisible = 0;
			defaultConfigurationName = Release;
		};
		189EAA8526AB80AC005B946B /* Build configuration list for PBXNativeTarget "SneakyStores" */ = {
			isa = XCConfigurationList;
			buildConfigurations = (
				189EAA8626AB80AC005B946B /* Debug */,
				189EAA8726AB80AC005B946B /* Release */,
			);
			defaultConfigurationIsVisible = 0;
			defaultConfigurationName = Release;
		};
/* End XCConfigurationList section */

/* Begin XCRemoteSwiftPackageReference section */
		189EAAA026ACBFE8005B946B /* XCRemoteSwiftPackageReference "IQKeyboardManager" */ = {
			isa = XCRemoteSwiftPackageReference;
			repositoryURL = "https://github.com/hackiftekhar/IQKeyboardManager";
			requirement = {
				kind = upToNextMajorVersion;
				minimumVersion = 6.5.6;
			};
		};
/* End XCRemoteSwiftPackageReference section */

/* Begin XCSwiftPackageProductDependency section */
		189EAAA126ACBFE9005B946B /* IQKeyboardManagerSwift */ = {
			isa = XCSwiftPackageProductDependency;
			package = 189EAAA026ACBFE8005B946B /* XCRemoteSwiftPackageReference "IQKeyboardManager" */;
			productName = IQKeyboardManagerSwift;
		};
/* End XCSwiftPackageProductDependency section */
	};
	rootObject = 189EAA6926AB80A9005B946B /* Project object */;
}
